
Microsoft Visual Studio Solution File, Format Version 12.00
# Visual Studio 15
VisualStudioVersion = 15.0.28307.1972
MinimumVisualStudioVersion = 10.0.40219.1
Project("{FAE04EC0-301F-11D3-BF4B-00C04F79EFBC}") = "LEditor", "LEditor\LEditor.csproj", "{0DD12DC0-2545-4F26-BB46-CEB0C58E94D3}"
EndProject
Project("{FAE04EC0-301F-11D3-BF4B-00C04F79EFBC}") = "InIManager", "InIManager\InIManager.csproj", "{D0C81615-07D7-4885-ACC3-F8FA7B73D3C2}"
EndProject
Global
	GlobalSection(SolutionConfigurationPlatforms) = preSolution
		Debug|Any CPU = Debug|Any CPU
		Release|Any CPU = Release|Any CPU
	EndGlobalSection
	GlobalSection(ProjectConfigurationPlatforms) = postSolution
		{0DD12DC0-2545-4F26-BB46-CEB0C58E94D3}.Debug|Any CPU.ActiveCfg = Debug|Any CPU
		{0DD12DC0-2545-4F26-BB46-CEB0C58E94D3}.Debug|Any CPU.Build.0 = Debug|Any CPU
		{0DD12DC0-2545-4F26-BB46-CEB0C58E94D3}.Release|Any CPU.ActiveCfg = Release|Any CPU
		{0DD12DC0-2545-4F26-BB46-CEB0C58E94D3}.Release|Any CPU.Build.0 = Release|Any CPU
		{D0C81615-07D7-4885-ACC3-F8FA7B73D3C2}.Debug|Any CPU.ActiveCfg = Debug|Any CPU
		{D0C81615-07D7-4885-ACC3-F8FA7B73D3C2}.Debug|Any CPU.Build.0 = Debug|Any CPU
		{D0C81615-07D7-4885-ACC3-F8FA7B73D3C2}.Release|Any CPU.ActiveCfg = Release|Any CPU
		{D0C81615-07D7-4885-ACC3-F8FA7B73D3C2}.Release|Any CPU.Build.0 = Release|Any CPU
	EndGlobalSection
	GlobalSection(SolutionProperties) = preSolution
		HideSolutionNode = FALSE
	EndGlobalSection
	GlobalSection(ExtensibilityGlobals) = postSolution
		SolutionGuid = {0B998461-36DD-4BD7-B723-33F85284E56B}
	EndGlobalSection
EndGlobal
